
Microsoft Visual Studio Solution File, Format Version 12.00
# Visual Studio Version 16
VisualStudioVersion = 16.0.31129.286
MinimumVisualStudioVersion = 10.0.40219.1
Project("{9A19103F-16F7-4668-BE54-9A1E7A4F7556}") = "JewelryStore.API", "JewelryStore.API\JewelryStore.API.csproj", "{0205A5B8-774F-454F-9717-0A5BEA1CB323}"
EndProject
Project("{9A19103F-16F7-4668-BE54-9A1E7A4F7556}") = "JewelryStore.BL", "JewelryStore.Business\JewelryStore.BL.csproj", "{352B8CEE-BA68-4EE9-8564-3854F77AA371}"
EndProject
Project("{9A19103F-16F7-4668-BE54-9A1E7A4F7556}") = "JewelryStore.Common", "JewelryStore.Common\JewelryStore.Common.csproj", "{30CE244D-8DF9-4D14-89E5-F1E35C09CEBF}"
EndProject
Project("{9A19103F-16F7-4668-BE54-9A1E7A4F7556}") = "JewelryStore.DAL", "JewelryStore.Repository\JewelryStore.DAL.csproj", "{F736DA59-1CF0-4902-92BA-657CADB04E32}"
EndProject
Project("{9A19103F-16F7-4668-BE54-9A1E7A4F7556}") = "JewelryStore.Test", "JewelryStore.Test\JewelryStore.Test.csproj", "{EFEF4665-C6E6-4444-A485-AA39090BCB7D}"
EndProject
Project("{E24C65DC-7377-472B-9ABA-BC803B73C61A}") = "JewelryStore.Web", "JewelryStore.Web\", "{6CC2E80E-A37C-44A7-992E-23F580434433}"
	ProjectSection(WebsiteProperties) = preProject
		TargetFrameworkMoniker = ".NETFramework,Version%3Dv4.0"
		Debug.AspNetCompiler.VirtualPath = "/localhost_65016"
		Debug.AspNetCompiler.PhysicalPath = "JewelryStore.Web\"
		Debug.AspNetCompiler.TargetPath = "PrecompiledWeb\localhost_65016\"
		Debug.AspNetCompiler.Updateable = "true"
		Debug.AspNetCompiler.ForceOverwrite = "true"
		Debug.AspNetCompiler.FixedNames = "false"
		Debug.AspNetCompiler.Debug = "True"
		Release.AspNetCompiler.VirtualPath = "/localhost_65016"
		Release.AspNetCompiler.PhysicalPath = "JewelryStore.Web\"
		Release.AspNetCompiler.TargetPath = "PrecompiledWeb\localhost_65016\"
		Release.AspNetCompiler.Updateable = "true"
		Release.AspNetCompiler.ForceOverwrite = "true"
		Release.AspNetCompiler.FixedNames = "false"
		Release.AspNetCompiler.Debug = "False"
		VWDPort = "65016"
	EndProjectSection
EndProject
Global
	GlobalSection(SolutionConfigurationPlatforms) = preSolution
		Debug|Any CPU = Debug|Any CPU
		Release|Any CPU = Release|Any CPU
	EndGlobalSection
	GlobalSection(ProjectConfigurationPlatforms) = postSolution
		{0205A5B8-774F-454F-9717-0A5BEA1CB323}.Debug|Any CPU.ActiveCfg = Debug|Any CPU
		{0205A5B8-774F-454F-9717-0A5BEA1CB323}.Debug|Any CPU.Build.0 = Debug|Any CPU
		{0205A5B8-774F-454F-9717-0A5BEA1CB323}.Release|Any CPU.ActiveCfg = Release|Any CPU
		{0205A5B8-774F-454F-9717-0A5BEA1CB323}.Release|Any CPU.Build.0 = Release|Any CPU
		{352B8CEE-BA68-4EE9-8564-3854F77AA371}.Debug|Any CPU.ActiveCfg = Debug|Any CPU
		{352B8CEE-BA68-4EE9-8564-3854F77AA371}.Debug|Any CPU.Build.0 = Debug|Any CPU
		{352B8CEE-BA68-4EE9-8564-3854F77AA371}.Release|Any CPU.ActiveCfg = Release|Any CPU
		{352B8CEE-BA68-4EE9-8564-3854F77AA371}.Release|Any CPU.Build.0 = Release|Any CPU
		{30CE244D-8DF9-4D14-89E5-F1E35C09CEBF}.Debug|Any CPU.ActiveCfg = Debug|Any CPU
		{30CE244D-8DF9-4D14-89E5-F1E35C09CEBF}.Debug|Any CPU.Build.0 = Debug|Any CPU
		{30CE244D-8DF9-4D14-89E5-F1E35C09CEBF}.Release|Any CPU.ActiveCfg = Release|Any CPU
		{30CE244D-8DF9-4D14-89E5-F1E35C09CEBF}.Release|Any CPU.Build.0 = Release|Any CPU
		{F736DA59-1CF0-4902-92BA-657CADB04E32}.Debug|Any CPU.ActiveCfg = Debug|Any CPU
		{F736DA59-1CF0-4902-92BA-657CADB04E32}.Debug|Any CPU.Build.0 = Debug|Any CPU
		{F736DA59-1CF0-4902-92BA-657CADB04E32}.Release|Any CPU.ActiveCfg = Release|Any CPU
		{F736DA59-1CF0-4902-92BA-657CADB04E32}.Release|Any CPU.Build.0 = Release|Any CPU
		{EFEF4665-C6E6-4444-A485-AA39090BCB7D}.Debug|Any CPU.ActiveCfg = Debug|Any CPU
		{EFEF4665-C6E6-4444-A485-AA39090BCB7D}.Debug|Any CPU.Build.0 = Debug|Any CPU
		{EFEF4665-C6E6-4444-A485-AA39090BCB7D}.Release|Any CPU.ActiveCfg = Release|Any CPU
		{EFEF4665-C6E6-4444-A485-AA39090BCB7D}.Release|Any CPU.Build.0 = Release|Any CPU
		{6CC2E80E-A37C-44A7-992E-23F580434433}.Debug|Any CPU.ActiveCfg = Debug|Any CPU
		{6CC2E80E-A37C-44A7-992E-23F580434433}.Debug|Any CPU.Build.0 = Debug|Any CPU
		{6CC2E80E-A37C-44A7-992E-23F580434433}.Release|Any CPU.ActiveCfg = Debug|Any CPU
		{6CC2E80E-A37C-44A7-992E-23F580434433}.Release|Any CPU.Build.0 = Debug|Any CPU
	EndGlobalSection
	GlobalSection(SolutionProperties) = preSolution
		HideSolutionNode = FALSE
	EndGlobalSection
	GlobalSection(ExtensibilityGlobals) = postSolution
		SolutionGuid = {FBA14294-BED6-401F-9169-EE515A25B3DA}
	EndGlobalSection
EndGlobal
